{
  "version": 4,
  "terraform_version": "1.9.8",
  "serial": 56,
  "lineage": "96963dfb-0648-33d7-6824-80f1bae304f6",
  "outputs": {},
  "resources": [
    {
      "mode": "managed",
      "type": "harvester_cloudinit_secret",
      "name": "cloud-config-opensuse154",
      "provider": "provider[\"registry.terraform.io/harvester/harvester\"]",
      "instances": [
        {
          "schema_version": 0,
          "attributes": {
            "description": "",
            "id": "default/cloud-config-opensuse154",
            "message": null,
            "name": "cloud-config-opensuse154",
            "namespace": "default",
            "network_data": "",
            "network_data_base64": "",
            "state": null,
            "tags": {},
            "timeouts": null,
            "user_data": "#cloud-config\npassword: 123456\nchpasswd:\n  expire: false\nssh_pwauth: true\npackage_update: true\npackages:\n  - qemu-guest-agent\nruncmd:\n  - - systemctl\n    - enable\n    - '--now'\n    - qemu-guest-agent\nssh_authorized_keys:\n  - \u003e-\n    public_key content of harvester_ssh_key.mysshkey\n",
            "user_data_base64": ""
          },
          "sensitive_attributes": [],
          "private": "eyJlMmJmYjczMC1lY2FhLTExZTYtOGY4OC0zNDM2M2JjN2M0YzAiOnsiY3JlYXRlIjoxMjAwMDAwMDAwMDAsImRlZmF1bHQiOjEyMDAwMDAwMDAwMCwiZGVsZXRlIjoxMjAwMDAwMDAwMDAsInJlYWQiOjEyMDAwMDAwMDAwMCwidXBkYXRlIjoxMjAwMDAwMDAwMDB9fQ==",
          "dependencies": [
            "harvester_ssh_key.mysshkey"
          ]
        }
      ]
    },
    {
      "mode": "managed",
      "type": "harvester_cloudinit_secret",
      "name": "cloud-config-ubuntu24",
      "provider": "provider[\"registry.terraform.io/harvester/harvester\"]",
      "instances": [
        {
          "schema_version": 0,
          "attributes": {
            "description": "",
            "id": "default/cloud-config-ubuntu24",
            "message": null,
            "name": "cloud-config-ubuntu24",
            "namespace": "default",
            "network_data": "",
            "network_data_base64": "",
            "state": null,
            "tags": null,
            "timeouts": null,
            "user_data": "#cloud-config\npassword: 260803\nchpasswd:\n  expire: false\nssh_pwauth: true\npackage_update: true\npackages:\n  - qemu-guest-agent\nruncmd:\n  - - systemctl\n    - enable\n    - '--now'\n    - qemu-guest-agent\n",
            "user_data_base64": ""
          },
          "sensitive_attributes": [],
          "private": "eyJlMmJmYjczMC1lY2FhLTExZTYtOGY4OC0zNDM2M2JjN2M0YzAiOnsiY3JlYXRlIjoxMjAwMDAwMDAwMDAsImRlZmF1bHQiOjEyMDAwMDAwMDAwMCwiZGVsZXRlIjoxMjAwMDAwMDAwMDAsInJlYWQiOjEyMDAwMDAwMDAwMCwidXBkYXRlIjoxMjAwMDAwMDAwMDB9fQ=="
        }
      ]
    },
    {
      "mode": "managed",
      "type": "harvester_clusternetwork",
      "name": "cluster-vlan",
      "provider": "provider[\"registry.terraform.io/harvester/harvester\"]",
      "instances": [
        {
          "schema_version": 0,
          "attributes": {
            "description": "",
            "id": "cluster-vlan",
            "message": null,
            "name": "cluster-vlan",
            "state": "Active",
            "tags": {},
            "timeouts": null
          },
          "sensitive_attributes": [],
          "private": "eyJlMmJmYjczMC1lY2FhLTExZTYtOGY4OC0zNDM2M2JjN2M0YzAiOnsiY3JlYXRlIjoxMjAwMDAwMDAwMDAsImRlZmF1bHQiOjEyMDAwMDAwMDAwMCwiZGVsZXRlIjoxMjAwMDAwMDAwMDAsInJlYWQiOjEyMDAwMDAwMDAwMCwidXBkYXRlIjoxMjAwMDAwMDAwMDB9fQ=="
        }
      ]
    },
    {
      "mode": "managed",
      "type": "harvester_image",
      "name": "k3os",
      "provider": "provider[\"registry.terraform.io/harvester/harvester\"]",
      "instances": [
        {
          "schema_version": 0,
          "attributes": {
            "description": "",
            "display_name": "k3os",
            "id": "harvester-public/k3os",
            "message": "",
            "name": "k3os",
            "namespace": "harvester-public",
            "progress": 100,
            "pvc_name": "",
            "pvc_namespace": "",
            "size": 526094336,
            "source_type": "download",
            "state": "Active",
            "storage_class_name": "",
            "storage_class_parameters": {
              "migratable": "true",
              "numberOfReplicas": "3",
              "staleReplicaTimeout": "30"
            },
            "tags": {},
            "timeouts": null,
            "url": "https://github.com/rancher/k3os/releases/download/v0.20.6-k3s1r0/k3os-amd64.iso",
            "volume_storage_class_name": "longhorn-k3os"
          },
          "sensitive_attributes": [],
          "private": "eyJlMmJmYjczMC1lY2FhLTExZTYtOGY4OC0zNDM2M2JjN2M0YzAiOnsiY3JlYXRlIjozMDAwMDAwMDAwMDAsImRlZmF1bHQiOjEyMDAwMDAwMDAwMCwiZGVsZXRlIjoxMjAwMDAwMDAwMDAsInJlYWQiOjEyMDAwMDAwMDAwMCwidXBkYXRlIjozMDAwMDAwMDAwMDB9fQ=="
        }
      ]
    },
    {
      "mode": "managed",
      "type": "harvester_image",
      "name": "ubuntu-24",
      "provider": "provider[\"registry.terraform.io/harvester/harvester\"]",
      "instances": [
        {
          "schema_version": 0,
          "attributes": {
            "description": "",
            "display_name": "ubuntu24",
            "id": "default/ubuntu24",
            "message": "",
            "name": "ubuntu24",
            "namespace": "default",
            "progress": 100,
            "pvc_name": "",
            "pvc_namespace": "",
            "size": 2773874688,
            "source_type": "download",
            "state": "Active",
            "storage_class_name": "",
            "storage_class_parameters": {
              "migratable": "true",
              "numberOfReplicas": "3",
              "staleReplicaTimeout": "30"
            },
            "tags": {},
            "timeouts": null,
            "url": "https://releases.ubuntu.com/24.04.1/ubuntu-24.04.1-live-server-amd64.iso",
            "volume_storage_class_name": "longhorn-ubuntu24"
          },
          "sensitive_attributes": [],
          "private": "eyJlMmJmYjczMC1lY2FhLTExZTYtOGY4OC0zNDM2M2JjN2M0YzAiOnsiY3JlYXRlIjozMDAwMDAwMDAwMDAsImRlZmF1bHQiOjEyMDAwMDAwMDAwMCwiZGVsZXRlIjoxMjAwMDAwMDAwMDAsInJlYWQiOjEyMDAwMDAwMDAwMCwidXBkYXRlIjozMDAwMDAwMDAwMDB9fQ=="
        }
      ]
    },
    {
      "mode": "managed",
      "type": "harvester_network",
      "name": "vm_network",
      "provider": "provider[\"registry.terraform.io/harvester/harvester\"]",
      "instances": [
        {
          "schema_version": 0,
          "attributes": {
            "cluster_network_name": "mgmt",
            "config": "{\"cniVersion\":\"0.3.1\",\"name\":\"vlan-1\",\"type\":\"bridge\",\"bridge\":\"mgmt-br\",\"promiscMode\":true,\"vlan\":1,\"ipam\":{}}",
            "description": "",
            "id": "default/vlan-1",
            "message": null,
            "name": "vlan-1",
            "namespace": "default",
            "route_cidr": null,
            "route_connectivity": "true",
            "route_dhcp_server_ip": "",
            "route_gateway": null,
            "route_mode": "auto",
            "state": null,
            "tags": {},
            "timeouts": null,
            "vlan_id": 1
          },
          "sensitive_attributes": [],
          "private": "eyJlMmJmYjczMC1lY2FhLTExZTYtOGY4OC0zNDM2M2JjN2M0YzAiOnsiY3JlYXRlIjoxMjAwMDAwMDAwMDAsImRlZmF1bHQiOjEyMDAwMDAwMDAwMCwiZGVsZXRlIjozMDAwMDAwMDAwMDAsInJlYWQiOjEyMDAwMDAwMDAwMCwidXBkYXRlIjoxMjAwMDAwMDAwMDB9fQ=="
        }
      ]
    },
    {
      "mode": "managed",
      "type": "harvester_ssh_key",
      "name": "mysshkey",
      "provider": "provider[\"registry.terraform.io/harvester/harvester\"]",
      "instances": [
        {
          "schema_version": 0,
          "attributes": {
            "description": "",
            "fingerprint": "04:67:d8:78:7f:84:0c:05:e0:bf:6c:7f:00:90:45:e4",
            "id": "default/mysshkey",
            "message": null,
            "name": "mysshkey",
            "namespace": "default",
            "public_key": "ssh-ed25519 AAAAC3NzaC1lZDI1NTE5AAAAIPQc/VS2iSUwJ7Lzl6f9Nw3O8mguzdq3WcEOwISLcdqJ koumi@KOUMIKOMPUTER",
            "state": "Validated",
            "tags": {},
            "timeouts": null
          },
          "sensitive_attributes": [],
          "private": "eyJlMmJmYjczMC1lY2FhLTExZTYtOGY4OC0zNDM2M2JjN2M0YzAiOnsiY3JlYXRlIjoxMjAwMDAwMDAwMDAsImRlZmF1bHQiOjEyMDAwMDAwMDAwMCwiZGVsZXRlIjoxMjAwMDAwMDAwMDAsInJlYWQiOjEyMDAwMDAwMDAwMCwidXBkYXRlIjoxMjAwMDAwMDAwMDB9fQ=="
        }
      ]
    },
    {
      "mode": "managed",
      "type": "harvester_storageclass",
      "name": "any-replicas-1",
      "provider": "provider[\"registry.terraform.io/harvester/harvester\"]",
      "instances": [
        {
          "schema_version": 0,
          "attributes": {
            "allow_volume_expansion": true,
            "description": "",
            "id": "any-replicas-1",
            "is_default": false,
            "message": null,
            "name": "any-replicas-1",
            "parameters": {
              "migratable": "true",
              "numberOfReplicas": "1",
              "staleReplicaTimeout": "30"
            },
            "reclaim_policy": "Delete",
            "state": null,
            "tags": {},
            "timeouts": null,
            "volume_binding_mode": "Immediate",
            "volume_provisioner": "driver.longhorn.io"
          },
          "sensitive_attributes": [],
          "private": "eyJlMmJmYjczMC1lY2FhLTExZTYtOGY4OC0zNDM2M2JjN2M0YzAiOnsiY3JlYXRlIjoxMjAwMDAwMDAwMDAsImRlZmF1bHQiOjEyMDAwMDAwMDAwMCwiZGVsZXRlIjoxMjAwMDAwMDAwMDAsInJlYWQiOjEyMDAwMDAwMDAwMCwidXBkYXRlIjoxMjAwMDAwMDAwMDB9fQ=="
        }
      ]
    },
    {
      "mode": "managed",
      "type": "harvester_storageclass",
      "name": "ssd-replicas-3",
      "provider": "provider[\"registry.terraform.io/harvester/harvester\"]",
      "instances": [
        {
          "schema_version": 0,
          "attributes": {
            "allow_volume_expansion": true,
            "description": "",
            "id": "ssd-replicas-3",
            "is_default": false,
            "message": null,
            "name": "ssd-replicas-3",
            "parameters": {
              "diskSelector": "ssd,nvme",
              "migratable": "true",
              "numberOfReplicas": "3",
              "staleReplicaTimeout": "30"
            },
            "reclaim_policy": "Delete",
            "state": null,
            "tags": {},
            "timeouts": null,
            "volume_binding_mode": "Immediate",
            "volume_provisioner": "driver.longhorn.io"
          },
          "sensitive_attributes": [],
          "private": "eyJlMmJmYjczMC1lY2FhLTExZTYtOGY4OC0zNDM2M2JjN2M0YzAiOnsiY3JlYXRlIjoxMjAwMDAwMDAwMDAsImRlZmF1bHQiOjEyMDAwMDAwMDAwMCwiZGVsZXRlIjoxMjAwMDAwMDAwMDAsInJlYWQiOjEyMDAwMDAwMDAwMCwidXBkYXRlIjoxMjAwMDAwMDAwMDB9fQ=="
        }
      ]
    },
    {
      "mode": "managed",
      "type": "harvester_virtualmachine",
      "name": "ubuntu20",
      "provider": "provider[\"registry.terraform.io/harvester/harvester\"]",
      "instances": [
        {
          "schema_version": 0,
          "attributes": {
            "cloudinit": [
              {
                "network_data": "",
                "network_data_base64": "",
                "network_data_secret_name": "cloud-config-ubuntu24",
                "type": "noCloud",
                "user_data": "",
                "user_data_base64": "",
                "user_data_secret_name": "cloud-config-ubuntu24"
              }
            ],
            "cpu": 2,
            "description": "test ubuntu24 iso",
            "disk": [
              {
                "access_mode": "ReadWriteMany",
                "auto_delete": true,
                "boot_order": 1,
                "bus": "virtio",
                "container_image_name": "",
                "existing_volume_name": "",
                "hot_plug": false,
                "image": "default/ubuntu24",
                "name": "rootdisk",
                "size": "10Gi",
                "storage_class_name": "longhorn-ubuntu24",
                "type": "disk",
                "volume_mode": "Block",
                "volume_name": "ubuntu24-rootdisk-bkfbl"
              },
              {
                "access_mode": "ReadWriteMany",
                "auto_delete": true,
                "boot_order": 0,
                "bus": "virtio",
                "container_image_name": "",
                "existing_volume_name": "",
                "hot_plug": false,
                "image": "",
                "name": "emptydisk",
                "size": "20Gi",
                "storage_class_name": "harvester-longhorn",
                "type": "disk",
                "volume_mode": "Block",
                "volume_name": "ubuntu24-emptydisk-bnlr2"
              }
            ],
            "efi": true,
            "hostname": "ubuntu24",
            "id": "default/ubuntu24",
            "input": [],
            "machine_type": "q35",
            "memory": "2Gi",
            "message": null,
            "name": "ubuntu24",
            "namespace": "default",
            "network_interface": [
              {
                "interface_name": "",
                "ip_address": "10.52.0.100",
                "mac_address": "76:39:23:99:d0:74",
                "model": "virtio",
                "name": "nic-1",
                "network_name": "",
                "type": "masquerade",
                "wait_for_lease": true
              }
            ],
            "node_name": "koumiharvester",
            "reserved_memory": "100Mi",
            "restart_after_update": true,
            "run_strategy": "RerunOnFailure",
            "secure_boot": false,
            "ssh_keys": null,
            "start": null,
            "state": "Ready",
            "tags": {
              "ssh-user": "ubuntu"
            },
            "timeouts": null,
            "tpm": []
          },
          "sensitive_attributes": [],
          "private": "eyJlMmJmYjczMC1lY2FhLTExZTYtOGY4OC0zNDM2M2JjN2M0YzAiOnsiY3JlYXRlIjoxMjAwMDAwMDAwMDAsImRlZmF1bHQiOjEyMDAwMDAwMDAwMCwiZGVsZXRlIjozMDAwMDAwMDAwMDAsInJlYWQiOjEyMDAwMDAwMDAwMCwidXBkYXRlIjoxMjAwMDAwMDAwMDB9fQ==",
          "dependencies": [
            "harvester_cloudinit_secret.cloud-config-ubuntu24",
            "harvester_image.ubuntu-24"
          ]
        }
      ]
    }
  ],
  "check_results": null
}
