{
  "version": 4,
  "terraform_version": "1.9.7",
  "serial": 22,
  "lineage": "dbb6d20f-7990-de53-0f31-1ab0d89bea76",
  "outputs": {},
  "resources": [
    {
      "mode": "managed",
      "type": "harvester_cloudinit_secret",
      "name": "config_vm_fedora",
      "provider": "provider[\"registry.terraform.io/harvester/harvester\"]",
      "instances": [
        {
          "schema_version": 0,
          "attributes": {
            "description": "",
            "id": "default/redditordistro",
            "message": null,
            "name": "redditordistro",
            "namespace": "default",
            "network_data": "",
            "network_data_base64": "",
            "state": null,
            "tags": {},
            "timeouts": null,
            "user_data": "#cloud-config\r\npassword: 123456\r\nchpasswd:\r\n  expire: false\r\nssh_pwauth: true\r\npackage_update: true\r\npackages:\r\n  - qemu-guest-agent\r\nruncmd:\r\n  - - systemctl\r\n    - enable\r\n    - '--now'\r\n    - qemu-guest-agent\r\nssh_authorized_keys:\r\n  - \u003e-\r\n    public_key content of harvester_ssh_key.mysshkey\r\n",
            "user_data_base64": ""
          },
          "sensitive_attributes": [],
          "private": "eyJlMmJmYjczMC1lY2FhLTExZTYtOGY4OC0zNDM2M2JjN2M0YzAiOnsiY3JlYXRlIjoxMjAwMDAwMDAwMDAsImRlZmF1bHQiOjEyMDAwMDAwMDAwMCwiZGVsZXRlIjoxMjAwMDAwMDAwMDAsInJlYWQiOjEyMDAwMDAwMDAwMCwidXBkYXRlIjoxMjAwMDAwMDAwMDB9fQ==",
          "dependencies": [
            "harvester_ssh_key.mysshkey"
          ]
        }
      ]
    },
    {
      "mode": "managed",
      "type": "harvester_clusternetwork",
      "name": "VMs",
      "provider": "provider[\"registry.terraform.io/harvester/harvester\"]",
      "instances": [
        {
          "schema_version": 0,
          "attributes": {
            "description": "Cluster network used for VMs",
            "id": "clustersan",
            "message": null,
            "name": "clustersan",
            "state": "Active",
            "tags": {},
            "timeouts": null
          },
          "sensitive_attributes": [],
          "private": "eyJlMmJmYjczMC1lY2FhLTExZTYtOGY4OC0zNDM2M2JjN2M0YzAiOnsiY3JlYXRlIjoxMjAwMDAwMDAwMDAsImRlZmF1bHQiOjEyMDAwMDAwMDAwMCwiZGVsZXRlIjoxMjAwMDAwMDAwMDAsInJlYWQiOjEyMDAwMDAwMDAwMCwidXBkYXRlIjoxMjAwMDAwMDAwMDB9fQ=="
        }
      ]
    },
    {
      "mode": "managed",
      "type": "harvester_image",
      "name": "fedora-server",
      "provider": "provider[\"registry.terraform.io/harvester/harvester\"]",
      "instances": [
        {
          "schema_version": 0,
          "attributes": {
            "description": "",
            "display_name": "fedora-server",
            "id": "default/fedora-server",
            "message": "",
            "name": "fedora-server",
            "namespace": "default",
            "progress": 100,
            "pvc_name": "",
            "pvc_namespace": "",
            "size": 812312576,
            "source_type": "download",
            "state": "Active",
            "storage_class_name": "",
            "storage_class_parameters": {
              "migratable": "true",
              "numberOfReplicas": "3",
              "staleReplicaTimeout": "30"
            },
            "tags": {},
            "timeouts": null,
            "url": "https://download.fedoraproject.org/pub/fedora/linux/releases/40/Server/x86_64/iso/Fedora-Server-netinst-x86_64-40-1.14.iso",
            "volume_storage_class_name": "longhorn-fedora-server"
          },
          "sensitive_attributes": [],
          "private": "eyJlMmJmYjczMC1lY2FhLTExZTYtOGY4OC0zNDM2M2JjN2M0YzAiOnsiY3JlYXRlIjozMDAwMDAwMDAwMDAsImRlZmF1bHQiOjEyMDAwMDAwMDAwMCwiZGVsZXRlIjoxMjAwMDAwMDAwMDAsInJlYWQiOjEyMDAwMDAwMDAwMCwidXBkYXRlIjozMDAwMDAwMDAwMDB9fQ=="
        }
      ]
    },
    {
      "mode": "managed",
      "type": "harvester_image",
      "name": "wireguard",
      "provider": "provider[\"registry.terraform.io/harvester/harvester\"]",
      "instances": [
        {
          "schema_version": 0,
          "attributes": {
            "description": "",
            "display_name": "wireguard",
            "id": "default/wireguard",
            "message": "",
            "name": "wireguard",
            "namespace": "default",
            "progress": 100,
            "pvc_name": "",
            "pvc_namespace": "",
            "size": 401604608,
            "source_type": "download",
            "state": "Active",
            "storage_class_name": "",
            "storage_class_parameters": {
              "migratable": "true",
              "numberOfReplicas": "3",
              "staleReplicaTimeout": "30"
            },
            "tags": null,
            "timeouts": null,
            "url": "http://mirror.turnkeylinux.org/turnkeylinux/images/iso/turnkey-wireguard-18.0-bookworm-amd64.iso",
            "volume_storage_class_name": "longhorn-wireguard"
          },
          "sensitive_attributes": [],
          "private": "eyJlMmJmYjczMC1lY2FhLTExZTYtOGY4OC0zNDM2M2JjN2M0YzAiOnsiY3JlYXRlIjozMDAwMDAwMDAwMDAsImRlZmF1bHQiOjEyMDAwMDAwMDAwMCwiZGVsZXRlIjoxMjAwMDAwMDAwMDAsInJlYWQiOjEyMDAwMDAwMDAwMCwidXBkYXRlIjozMDAwMDAwMDAwMDB9fQ=="
        }
      ]
    },
    {
      "mode": "managed",
      "type": "harvester_ssh_key",
      "name": "mysshkey",
      "provider": "provider[\"registry.terraform.io/harvester/harvester\"]",
      "instances": [
        {
          "schema_version": 0,
          "attributes": {
            "description": "",
            "fingerprint": "65:00:cd:7b:82:d7:97:69:51:b5:72:59:b8:dd:bd:64",
            "id": "default/laputallave",
            "message": null,
            "name": "laputallave",
            "namespace": "default",
            "public_key": "ssh-ed25519 AAAAC3NzaC1lZDI1NTE5AAAAIP13XVjdWjrobx0Fi6mUEVdC+X2zcmBWPLEiiLToFcdI root@fernando-virtualbox",
            "state": "Validated",
            "tags": {},
            "timeouts": null
          },
          "sensitive_attributes": [],
          "private": "eyJlMmJmYjczMC1lY2FhLTExZTYtOGY4OC0zNDM2M2JjN2M0YzAiOnsiY3JlYXRlIjoxMjAwMDAwMDAwMDAsImRlZmF1bHQiOjEyMDAwMDAwMDAwMCwiZGVsZXRlIjoxMjAwMDAwMDAwMDAsInJlYWQiOjEyMDAwMDAwMDAwMCwidXBkYXRlIjoxMjAwMDAwMDAwMDB9fQ=="
        }
      ]
    }
  ],
  "check_results": null
}
